
Microsoft Visual Studio Solution File, Format Version 12.00
# Visual Studio Version 16
VisualStudioVersion = 16.0.30204.135
MinimumVisualStudioVersion = 10.0.40219.1
Project("{FAE04EC0-301F-11D3-BF4B-00C04F79EFBC}") = "WindowsFormsApp1", "WindowsFormsApp1\WindowsFormsApp1.csproj", "{D9D2FCFD-9599-4B00-8676-F8C14AC04DBE}"
EndProject
Global
	GlobalSection(SolutionConfigurationPlatforms) = preSolution
		Debug|Any CPU = Debug|Any CPU
		Release|Any CPU = Release|Any CPU
	EndGlobalSection
	GlobalSection(ProjectConfigurationPlatforms) = postSolution
		{D9D2FCFD-9599-4B00-8676-F8C14AC04DBE}.Debug|Any CPU.ActiveCfg = Debug|Any CPU
		{D9D2FCFD-9599-4B00-8676-F8C14AC04DBE}.Debug|Any CPU.Build.0 = Debug|Any CPU
		{D9D2FCFD-9599-4B00-8676-F8C14AC04DBE}.Release|Any CPU.ActiveCfg = Release|Any CPU
		{D9D2FCFD-9599-4B00-8676-F8C14AC04DBE}.Release|Any CPU.Build.0 = Release|Any CPU
	EndGlobalSection
	GlobalSection(SolutionProperties) = preSolution
		HideSolutionNode = FALSE
	EndGlobalSection
	GlobalSection(ExtensibilityGlobals) = postSolution
		SolutionGuid = {D14C1CC0-3BB5-47AD-9161-07DA6020C2DC}
	EndGlobalSection
EndGlobal
